// !$*UTF8*$!
{
	archiveVersion = 1;
	classes = {
	};
	objectVersion = 50;
	objects = {

/* Begin PBXBuildFile section */
		160196EB2324C9B700F7B02A /* API.swift in Sources */ = {isa = PBXBuildFile; fileRef = 160196EA2324C9B700F7B02A /* API.swift */; };
		160196ED2324D79300F7B02A /* ImageHandler.swift in Sources */ = {isa = PBXBuildFile; fileRef = 160196EC2324D79300F7B02A /* ImageHandler.swift */; };
		160196F7232E31CB00F7B02A /* image.jpg in Resources */ = {isa = PBXBuildFile; fileRef = 160196F6232E31CB00F7B02A /* image.jpg */; };
		1665D59123165BAE00E20688 /* AppDelegate.swift in Sources */ = {isa = PBXBuildFile; fileRef = 1665D59023165BAE00E20688 /* AppDelegate.swift */; };
		1665D59323165BAE00E20688 /* PugListViewController.swift in Sources */ = {isa = PBXBuildFile; fileRef = 1665D59223165BAE00E20688 /* PugListViewController.swift */; };
		1665D59823165BB000E20688 /* Assets.xcassets in Resources */ = {isa = PBXBuildFile; fileRef = 1665D59723165BB000E20688 /* Assets.xcassets */; };
		1665D59B23165BB000E20688 /* LaunchScreen.storyboard in Resources */ = {isa = PBXBuildFile; fileRef = 1665D59923165BB000E20688 /* LaunchScreen.storyboard */; };
		1688572D232F8F2000FA1147 /* PugInfoViewControllerTests.swift in Sources */ = {isa = PBXBuildFile; fileRef = 1688572C232F8F2000FA1147 /* PugInfoViewControllerTests.swift */; };
		1688572F232F90C900FA1147 /* PugListViewControllerTests.swift in Sources */ = {isa = PBXBuildFile; fileRef = 1688572E232F90C900FA1147 /* PugListViewControllerTests.swift */; };
		16EE4A96232B90DE0083587F /* PugInfoViewController.swift in Sources */ = {isa = PBXBuildFile; fileRef = 16EE4A95232B90DE0083587F /* PugInfoViewController.swift */; };
/* End PBXBuildFile section */

/* Begin PBXContainerItemProxy section */
		1665D5A223165BB000E20688 /* PBXContainerItemProxy */ = {
			isa = PBXContainerItemProxy;
			containerPortal = 1665D58523165BAE00E20688 /* Project object */;
			proxyType = 1;
			remoteGlobalIDString = 1665D58C23165BAE00E20688;
			remoteInfo = puglist;
		};
/* End PBXContainerItemProxy section */

/* Begin PBXFileReference section */
		160196EA2324C9B700F7B02A /* API.swift */ = {isa = PBXFileReference; lastKnownFileType = sourcecode.swift; path = API.swift; sourceTree = "<group>"; };
		160196EC2324D79300F7B02A /* ImageHandler.swift */ = {isa = PBXFileReference; lastKnownFileType = sourcecode.swift; path = ImageHandler.swift; sourceTree = "<group>"; };
		160196F6232E31CB00F7B02A /* image.jpg */ = {isa = PBXFileReference; lastKnownFileType = image.jpeg; path = image.jpg; sourceTree = SOURCE_ROOT; };
		1665D58D23165BAE00E20688 /* puglist.app */ = {isa = PBXFileReference; explicitFileType = wrapper.application; includeInIndex = 0; path = puglist.app; sourceTree = BUILT_PRODUCTS_DIR; };
		1665D59023165BAE00E20688 /* AppDelegate.swift */ = {isa = PBXFileReference; lastKnownFileType = sourcecode.swift; path = AppDelegate.swift; sourceTree = "<group>"; };
		1665D59223165BAE00E20688 /* PugListViewController.swift */ = {isa = PBXFileReference; lastKnownFileType = sourcecode.swift; path = PugListViewController.swift; sourceTree = "<group>"; };
		1665D59723165BB000E20688 /* Assets.xcassets */ = {isa = PBXFileReference; lastKnownFileType = folder.assetcatalog; path = Assets.xcassets; sourceTree = "<group>"; };
		1665D59A23165BB000E20688 /* Base */ = {isa = PBXFileReference; lastKnownFileType = file.storyboard; name = Base; path = Base.lproj/LaunchScreen.storyboard; sourceTree = "<group>"; };
		1665D59C23165BB000E20688 /* Info.plist */ = {isa = PBXFileReference; lastKnownFileType = text.plist.xml; path = Info.plist; sourceTree = "<group>"; };
		1665D5A123165BB000E20688 /* puglistTests.xctest */ = {isa = PBXFileReference; explicitFileType = wrapper.cfbundle; includeInIndex = 0; path = puglistTests.xctest; sourceTree = BUILT_PRODUCTS_DIR; };
		1665D5A723165BB000E20688 /* Info.plist */ = {isa = PBXFileReference; lastKnownFileType = text.plist.xml; path = Info.plist; sourceTree = "<group>"; };
		1688572C232F8F2000FA1147 /* PugInfoViewControllerTests.swift */ = {isa = PBXFileReference; fileEncoding = 4; lastKnownFileType = sourcecode.swift; path = PugInfoViewControllerTests.swift; sourceTree = "<group>"; };
		1688572E232F90C900FA1147 /* PugListViewControllerTests.swift */ = {isa = PBXFileReference; fileEncoding = 4; lastKnownFileType = sourcecode.swift; path = PugListViewControllerTests.swift; sourceTree = "<group>"; };
		16EE4A95232B90DE0083587F /* PugInfoViewController.swift */ = {isa = PBXFileReference; lastKnownFileType = sourcecode.swift; path = PugInfoViewController.swift; sourceTree = "<group>"; };
/* End PBXFileReference section */

/* Begin PBXFrameworksBuildPhase section */
		1665D58A23165BAE00E20688 /* Frameworks */ = {
			isa = PBXFrameworksBuildPhase;
			buildActionMask = 2147483647;
			files = (
			);
			runOnlyForDeploymentPostprocessing = 0;
		};
		1665D59E23165BB000E20688 /* Frameworks */ = {
			isa = PBXFrameworksBuildPhase;
			buildActionMask = 2147483647;
			files = (
			);
			runOnlyForDeploymentPostprocessing = 0;
		};
/* End PBXFrameworksBuildPhase section */

/* Begin PBXGroup section */
		1665D58423165BAE00E20688 = {
			isa = PBXGroup;
			children = (
				1665D5B123165BFB00E20688 /* data */,
				1665D58F23165BAE00E20688 /* puglist */,
				1665D5A423165BB000E20688 /* puglistTests */,
				1665D58E23165BAE00E20688 /* Products */,
			);
			sourceTree = "<group>";
		};
		1665D58E23165BAE00E20688 /* Products */ = {
			isa = PBXGroup;
			children = (
				1665D58D23165BAE00E20688 /* puglist.app */,
				1665D5A123165BB000E20688 /* puglistTests.xctest */,
			);
			name = Products;
			sourceTree = "<group>";
		};
		1665D58F23165BAE00E20688 /* puglist */ = {
			isa = PBXGroup;
			children = (
				160196F6232E31CB00F7B02A /* image.jpg */,
				1665D59023165BAE00E20688 /* AppDelegate.swift */,
				1665D59723165BB000E20688 /* Assets.xcassets */,
				1665D59923165BB000E20688 /* LaunchScreen.storyboard */,
				1665D59C23165BB000E20688 /* Info.plist */,
				160196EA2324C9B700F7B02A /* API.swift */,
				160196EC2324D79300F7B02A /* ImageHandler.swift */,
				1665D59223165BAE00E20688 /* PugListViewController.swift */,
				16EE4A95232B90DE0083587F /* PugInfoViewController.swift */,
			);
			path = puglist;
			sourceTree = "<group>";
		};
		1665D5A423165BB000E20688 /* puglistTests */ = {
			isa = PBXGroup;
			children = (
				1688572E232F90C900FA1147 /* PugListViewControllerTests.swift */,
				1688572C232F8F2000FA1147 /* PugInfoViewControllerTests.swift */,
				1665D5A723165BB000E20688 /* Info.plist */,
			);
			path = puglistTests;
			sourceTree = "<group>";
		};
		1665D5B123165BFB00E20688 /* data */ = {
			isa = PBXGroup;
			children = (
			);
			path = data;
			sourceTree = "<group>";
		};
/* End PBXGroup section */

/* Begin PBXNativeTarget section */
		1665D58C23165BAE00E20688 /* puglist */ = {
			isa = PBXNativeTarget;
			buildConfigurationList = 1665D5AA23165BB000E20688 /* Build configuration list for PBXNativeTarget "puglist" */;
			buildPhases = (
				1665D58923165BAE00E20688 /* Sources */,
				1665D58A23165BAE00E20688 /* Frameworks */,
				1665D58B23165BAE00E20688 /* Resources */,
			);
			buildRules = (
			);
			dependencies = (
			);
			name = puglist;
			productName = puglist;
			productReference = 1665D58D23165BAE00E20688 /* puglist.app */;
			productType = "com.apple.product-type.application";
		};
		1665D5A023165BB000E20688 /* puglistTests */ = {
			isa = PBXNativeTarget;
			buildConfigurationList = 1665D5AD23165BB000E20688 /* Build configuration list for PBXNativeTarget "puglistTests" */;
			buildPhases = (
				1665D59D23165BB000E20688 /* Sources */,
				1665D59E23165BB000E20688 /* Frameworks */,
				1665D59F23165BB000E20688 /* Resources */,
			);
			buildRules = (
			);
			dependencies = (
				1665D5A323165BB000E20688 /* PBXTargetDependency */,
			);
			name = puglistTests;
			productName = puglistTests;
			productReference = 1665D5A123165BB000E20688 /* puglistTests.xctest */;
			productType = "com.apple.product-type.bundle.unit-test";
		};
/* End PBXNativeTarget section */

/* Begin PBXProject section */
		1665D58523165BAE00E20688 /* Project object */ = {
			isa = PBXProject;
			attributes = {
				LastSwiftUpdateCheck = 1030;
				LastUpgradeCheck = 1030;
				ORGANIZATIONNAME = fengyi;
				TargetAttributes = {
					1665D58C23165BAE00E20688 = {
						CreatedOnToolsVersion = 10.3;
					};
					1665D5A023165BB000E20688 = {
						CreatedOnToolsVersion = 10.3;
						TestTargetID = 1665D58C23165BAE00E20688;
					};
				};
			};
			buildConfigurationList = 1665D58823165BAE00E20688 /* Build configuration list for PBXProject "puglist" */;
			compatibilityVersion = "Xcode 9.3";
			developmentRegion = en;
			hasScannedForEncodings = 0;
			knownRegions = (
				en,
				Base,
			);
			mainGroup = 1665D58423165BAE00E20688;
			productRefGroup = 1665D58E23165BAE00E20688 /* Products */;
			projectDirPath = "";
			projectRoot = "";
			targets = (
				1665D58C23165BAE00E20688 /* puglist */,
				1665D5A023165BB000E20688 /* puglistTests */,
			);
		};
/* End PBXProject section */

/* Begin PBXResourcesBuildPhase section */
		1665D58B23165BAE00E20688 /* Resources */ = {
			isa = PBXResourcesBuildPhase;
			buildActionMask = 2147483647;
			files = (
				160196F7232E31CB00F7B02A /* image.jpg in Resources */,
				1665D59B23165BB000E20688 /* LaunchScreen.storyboard in Resources */,
				1665D59823165BB000E20688 /* Assets.xcassets in Resources */,
			);
			runOnlyForDeploymentPostprocessing = 0;
		};
		1665D59F23165BB000E20688 /* Resources */ = {
			isa = PBXResourcesBuildPhase;
			buildActionMask = 2147483647;
			files = (
			);
			runOnlyForDeploymentPostprocessing = 0;
		};
/* End PBXResourcesBuildPhase section */

/* Begin PBXSourcesBuildPhase section */
		1665D58923165BAE00E20688 /* Sources */ = {
			isa = PBXSourcesBuildPhase;
			buildActionMask = 2147483647;
			files = (
				1665D59323165BAE00E20688 /* PugListViewController.swift in Sources */,
				160196EB2324C9B700F7B02A /* API.swift in Sources */,
				160196ED2324D79300F7B02A /* ImageHandler.swift in Sources */,
				1665D59123165BAE00E20688 /* AppDelegate.swift in Sources */,
				16EE4A96232B90DE0083587F /* PugInfoViewController.swift in Sources */,
			);
			runOnlyForDeploymentPostprocessing = 0;
		};
		1665D59D23165BB000E20688 /* Sources */ = {
			isa = PBXSourcesBuildPhase;
			buildActionMask = 2147483647;
			files = (
				1688572F232F90C900FA1147 /* PugListViewControllerTests.swift in Sources */,
				1688572D232F8F2000FA1147 /* PugInfoViewControllerTests.swift in Sources */,
			);
			runOnlyForDeploymentPostprocessing = 0;
		};
/* End PBXSourcesBuildPhase section */

/* Begin PBXTargetDependency section */
		1665D5A323165BB000E20688 /* PBXTargetDependency */ = {
			isa = PBXTargetDependency;
			target = 1665D58C23165BAE00E20688 /* puglist */;
			targetProxy = 1665D5A223165BB000E20688 /* PBXContainerItemProxy */;
		};
/* End PBXTargetDependency section */

/* Begin PBXVariantGroup section */
		1665D59923165BB000E20688 /* LaunchScreen.storyboard */ = {
			isa = PBXVariantGroup;
			children = (
				1665D59A23165BB000E20688 /* Base */,
			);
			name = LaunchScreen.storyboard;
			sourceTree = "<group>";
		};
/* End PBXVariantGroup section */

/* Begin XCBuildConfiguration section */
		1665D5A823165BB000E20688 /* Debug */ = {
			isa = XCBuildConfiguration;
			buildSettings = {
				ALWAYS_SEARCH_USER_PATHS = NO;
				CLANG_ANALYZER_NONNULL = YES;
				CLANG_ANALYZER_NUMBER_OBJECT_CONVERSION = YES_AGGRESSIVE;
				CLANG_CXX_LANGUAGE_STANDARD = "gnu++14";
				CLANG_CXX_LIBRARY = "libc++";
				CLANG_ENABLE_MODULES = YES;
				CLANG_ENABLE_OBJC_ARC = YES;
				CLANG_ENABLE_OBJC_WEAK = YES;
				CLANG_WARN_BLOCK_CAPTURE_AUTORELEASING = YES;
				CLANG_WARN_BOOL_CONVERSION = YES;
				CLANG_WARN_COMMA = YES;
				CLANG_WARN_CONSTANT_CONVERSION = YES;
				CLANG_WARN_DEPRECATED_OBJC_IMPLEMENTATIONS = YES;
				CLANG_WARN_DIRECT_OBJC_ISA_USAGE = YES_ERROR;
				CLANG_WARN_DOCUMENTATION_COMMENTS = YES;
				CLANG_WARN_EMPTY_BODY = YES;
				CLANG_WARN_ENUM_CONVERSION = YES;
				CLANG_WARN_INFINITE_RECURSION = YES;
				CLANG_WARN_INT_CONVERSION = YES;
				CLANG_WARN_NON_LITERAL_NULL_CONVERSION = YES;
				CLANG_WARN_OBJC_IMPLICIT_RETAIN_SELF = YES;
				CLANG_WARN_OBJC_LITERAL_CONVERSION = YES;
				CLANG_WARN_OBJC_ROOT_CLASS = YES_ERROR;
				CLANG_WARN_RANGE_LOOP_ANALYSIS = YES;
				CLANG_WARN_STRICT_PROTOTYPES = YES;
				CLANG_WARN_SUSPICIOUS_MOVE = YES;
				CLANG_WARN_UNGUARDED_AVAILABILITY = YES_AGGRESSIVE;
				CLANG_WARN_UNREACHABLE_CODE = YES;
				CLANG_WARN__DUPLICATE_METHOD_MATCH = YES;
				CODE_SIGN_IDENTITY = "iPhone Developer";
				COPY_PHASE_STRIP = NO;
				DEBUG_INFORMATION_FORMAT = dwarf;
				ENABLE_STRICT_OBJC_MSGSEND = YES;
				ENABLE_TESTABILITY = YES;
				GCC_C_LANGUAGE_STANDARD = gnu11;
				GCC_DYNAMIC_NO_PIC = NO;
				GCC_NO_COMMON_BLOCKS = YES;
				GCC_OPTIMIZATION_LEVEL = 0;
				GCC_PREPROCESSOR_DEFINITIONS = (
					"DEBUG=1",
					"$(inherited)",
				);
				GCC_WARN_64_TO_32_BIT_CONVERSION = YES;
				GCC_WARN_ABOUT_RETURN_TYPE = YES_ERROR;
				GCC_WARN_UNDECLARED_SELECTOR = YES;
				GCC_WARN_UNINITIALIZED_AUTOS = YES_AGGRESSIVE;
				GCC_WARN_UNUSED_FUNCTION = YES;
				GCC_WARN_UNUSED_VARIABLE = YES;
				IPHONEOS_DEPLOYMENT_TARGET = 12.4;
				MTL_ENABLE_DEBUG_INFO = INCLUDE_SOURCE;
				MTL_FAST_MATH = YES;
				ONLY_ACTIVE_ARCH = YES;
				SDKROOT = iphoneos;
				SWIFT_ACTIVE_COMPILATION_CONDITIONS = DEBUG;
				SWIFT_OPTIMIZATION_LEVEL = "-Onone";
			};
			name = Debug;
		};
		1665D5A923165BB000E20688 /* Release */ = {
			isa = XCBuildConfiguration;
			buildSettings = {
				ALWAYS_SEARCH_USER_PATHS = NO;
				CLANG_ANALYZER_NONNULL = YES;
				CLANG_ANALYZER_NUMBER_OBJECT_CONVERSION = YES_AGGRESSIVE;
				CLANG_CXX_LANGUAGE_STANDARD = "gnu++14";
				CLANG_CXX_LIBRARY = "libc++";
				CLANG_ENABLE_MODULES = YES;
				CLANG_ENABLE_OBJC_ARC = YES;
				CLANG_ENABLE_OBJC_WEAK = YES;
				CLANG_WARN_BLOCK_CAPTURE_AUTORELEASING = YES;
				CLANG_WARN_BOOL_CONVERSION = YES;
				CLANG_WARN_COMMA = YES;
				CLANG_WARN_CONSTANT_CONVERSION = YES;
				CLANG_WARN_DEPRECATED_OBJC_IMPLEMENTATIONS = YES;
				CLANG_WARN_DIRECT_OBJC_ISA_USAGE = YES_ERROR;
				CLANG_WARN_DOCUMENTATION_COMMENTS = YES;
				CLANG_WARN_EMPTY_BODY = YES;
				CLANG_WARN_ENUM_CONVERSION = YES;
				CLANG_WARN_INFINITE_RECURSION = YES;
				CLANG_WARN_INT_CONVERSION = YES;
				CLANG_WARN_NON_LITERAL_NULL_CONVERSION = YES;
				CLANG_WARN_OBJC_IMPLICIT_RETAIN_SELF = YES;
				CLANG_WARN_OBJC_LITERAL_CONVERSION = YES;
				CLANG_WARN_OBJC_ROOT_CLASS = YES_ERROR;
				CLANG_WARN_RANGE_LOOP_ANALYSIS = YES;
				CLANG_WARN_STRICT_PROTOTYPES = YES;
				CLANG_WARN_SUSPICIOUS_MOVE = YES;
				CLANG_WARN_UNGUARDED_AVAILABILITY = YES_AGGRESSIVE;
				CLANG_WARN_UNREACHABLE_CODE = YES;
				CLANG_WARN__DUPLICATE_METHOD_MATCH = YES;
				CODE_SIGN_IDENTITY = "iPhone Developer";
				COPY_PHASE_STRIP = NO;
				DEBUG_INFORMATION_FORMAT = "dwarf-with-dsym";
				ENABLE_NS_ASSERTIONS = NO;
				ENABLE_STRICT_OBJC_MSGSEND = YES;
				GCC_C_LANGUAGE_STANDARD = gnu11;
				GCC_NO_COMMON_BLOCKS = YES;
				GCC_WARN_64_TO_32_BIT_CONVERSION = YES;
				GCC_WARN_ABOUT_RETURN_TYPE = YES_ERROR;
				GCC_WARN_UNDECLARED_SELECTOR = YES;
				GCC_WARN_UNINITIALIZED_AUTOS = YES_AGGRESSIVE;
				GCC_WARN_UNUSED_FUNCTION = YES;
				GCC_WARN_UNUSED_VARIABLE = YES;
				IPHONEOS_DEPLOYMENT_TARGET = 12.4;
				MTL_ENABLE_DEBUG_INFO = NO;
				MTL_FAST_MATH = YES;
				SDKROOT = iphoneos;
				SWIFT_COMPILATION_MODE = wholemodule;
				SWIFT_OPTIMIZATION_LEVEL = "-O";
				VALIDATE_PRODUCT = YES;
			};
			name = Release;
		};
		1665D5AB23165BB000E20688 /* Debug */ = {
			isa = XCBuildConfiguration;
			buildSettings = {
				ASSETCATALOG_COMPILER_APPICON_NAME = AppIcon;
				CODE_SIGN_STYLE = Automatic;
				DEVELOPMENT_TEAM = VQVCEQF4A3;
				INFOPLIST_FILE = puglist/Info.plist;
				LD_RUNPATH_SEARCH_PATHS = (
					"$(inherited)",
					"@executable_path/Frameworks",
				);
				PRODUCT_BUNDLE_IDENTIFIER = iplayground.di.puglist;
				PRODUCT_NAME = "$(TARGET_NAME)";
				SWIFT_VERSION = 5.0;
				TARGETED_DEVICE_FAMILY = 1;
			};
			name = Debug;
		};
		1665D5AC23165BB000E20688 /* Release */ = {
			isa = XCBuildConfiguration;
			buildSettings = {
				ASSETCATALOG_COMPILER_APPICON_NAME = AppIcon;
				CODE_SIGN_STYLE = Automatic;
				DEVELOPMENT_TEAM = VQVCEQF4A3;
				INFOPLIST_FILE = puglist/Info.plist;
				LD_RUNPATH_SEARCH_PATHS = (
					"$(inherited)",
					"@executable_path/Frameworks",
				);
				PRODUCT_BUNDLE_IDENTIFIER = iplayground.di.puglist;
				PRODUCT_NAME = "$(TARGET_NAME)";
				SWIFT_VERSION = 5.0;
				TARGETED_DEVICE_FAMILY = 1;
			};
			name = Release;
		};
		1665D5AE23165BB000E20688 /* Debug */ = {
			isa = XCBuildConfiguration;
			buildSettings = {
				ALWAYS_EMBED_SWIFT_STANDARD_LIBRARIES = YES;
				BUNDLE_LOADER = "$(TEST_HOST)";
				CODE_SIGN_STYLE = Automatic;
				DEVELOPMENT_TEAM = 8RXRU63FE5;
				INFOPLIST_FILE = puglistTests/Info.plist;
				LD_RUNPATH_SEARCH_PATHS = (
					"$(inherited)",
					"@executable_path/Frameworks",
					"@loader_path/Frameworks",
				);
				PRODUCT_BUNDLE_IDENTIFIER = iplayground.di.puglistTests;
				PRODUCT_NAME = "$(TARGET_NAME)";
				SWIFT_VERSION = 5.0;
				TARGETED_DEVICE_FAMILY = "1,2";
				TEST_HOST = "$(BUILT_PRODUCTS_DIR)/puglist.app/puglist";
			};
			name = Debug;
		};
		1665D5AF23165BB000E20688 /* Release */ = {
			isa = XCBuildConfiguration;
			buildSettings = {
				ALWAYS_EMBED_SWIFT_STANDARD_LIBRARIES = YES;
				BUNDLE_LOADER = "$(TEST_HOST)";
				CODE_SIGN_STYLE = Automatic;
				DEVELOPMENT_TEAM = 8RXRU63FE5;
				INFOPLIST_FILE = puglistTests/Info.plist;
				LD_RUNPATH_SEARCH_PATHS = (
					"$(inherited)",
					"@executable_path/Frameworks",
					"@loader_path/Frameworks",
				);
				PRODUCT_BUNDLE_IDENTIFIER = iplayground.di.puglistTests;
				PRODUCT_NAME = "$(TARGET_NAME)";
				SWIFT_VERSION = 5.0;
				TARGETED_DEVICE_FAMILY = "1,2";
				TEST_HOST = "$(BUILT_PRODUCTS_DIR)/puglist.app/puglist";
			};
			name = Release;
		};
/* End XCBuildConfiguration section */

/* Begin XCConfigurationList section */
		1665D58823165BAE00E20688 /* Build configuration list for PBXProject "puglist" */ = {
			isa = XCConfigurationList;
			buildConfigurations = (
				1665D5A823165BB000E20688 /* Debug */,
				1665D5A923165BB000E20688 /* Release */,
			);
			defaultConfigurationIsVisible = 0;
			defaultConfigurationName = Release;
		};
		1665D5AA23165BB000E20688 /* Build configuration list for PBXNativeTarget "puglist" */ = {
			isa = XCConfigurationList;
			buildConfigurations = (
				1665D5AB23165BB000E20688 /* Debug */,
				1665D5AC23165BB000E20688 /* Release */,
			);
			defaultConfigurationIsVisible = 0;
			defaultConfigurationName = Release;
		};
		1665D5AD23165BB000E20688 /* Build configuration list for PBXNativeTarget "puglistTests" */ = {
			isa = XCConfigurationList;
			buildConfigurations = (
				1665D5AE23165BB000E20688 /* Debug */,
				1665D5AF23165BB000E20688 /* Release */,
			);
			defaultConfigurationIsVisible = 0;
			defaultConfigurationName = Release;
		};
/* End XCConfigurationList section */
	};
	rootObject = 1665D58523165BAE00E20688 /* Project object */;
}
